
Microsoft Visual Studio Solution File, Format Version 12.00
# Visual Studio 14
VisualStudioVersion = 14.0.25420.1
MinimumVisualStudioVersion = 10.0.40219.1
Project("{FAE04EC0-301F-11D3-BF4B-00C04F79EFBC}") = "MazeGeneratorTest", "MazeTest\MazeGeneratorTest.csproj", "{4E179D56-4E1E-46D2-B185-12AE7C99C4DB}"
EndProject
Project("{FAE04EC0-301F-11D3-BF4B-00C04F79EFBC}") = "MazeGeneratorWPF", "MazeGeneratorWPF\MazeGeneratorWPF.csproj", "{B70D493C-1620-4323-827B-D8547CDCDD19}"
EndProject
Project("{FAE04EC0-301F-11D3-BF4B-00C04F79EFBC}") = "MazeGenerator", "MazeGenerator\MazeGenerator.csproj", "{C94FEACD-8623-4DAA-BCC2-E5E77C79062B}"
EndProject
Global
	GlobalSection(SolutionConfigurationPlatforms) = preSolution
		Debug|Any CPU = Debug|Any CPU
		Debug|x64 = Debug|x64
		Debug|x86 = Debug|x86
		Release|Any CPU = Release|Any CPU
		Release|x64 = Release|x64
		Release|x86 = Release|x86
	EndGlobalSection
	GlobalSection(ProjectConfigurationPlatforms) = postSolution
		{4E179D56-4E1E-46D2-B185-12AE7C99C4DB}.Debug|Any CPU.ActiveCfg = Debug|Any CPU
		{4E179D56-4E1E-46D2-B185-12AE7C99C4DB}.Debug|Any CPU.Build.0 = Debug|Any CPU
		{4E179D56-4E1E-46D2-B185-12AE7C99C4DB}.Debug|x64.ActiveCfg = Debug|Any CPU
		{4E179D56-4E1E-46D2-B185-12AE7C99C4DB}.Debug|x64.Build.0 = Debug|Any CPU
		{4E179D56-4E1E-46D2-B185-12AE7C99C4DB}.Debug|x86.ActiveCfg = Debug|x64
		{4E179D56-4E1E-46D2-B185-12AE7C99C4DB}.Debug|x86.Build.0 = Debug|x64
		{4E179D56-4E1E-46D2-B185-12AE7C99C4DB}.Release|Any CPU.ActiveCfg = Release|Any CPU
		{4E179D56-4E1E-46D2-B185-12AE7C99C4DB}.Release|Any CPU.Build.0 = Release|Any CPU
		{4E179D56-4E1E-46D2-B185-12AE7C99C4DB}.Release|x64.ActiveCfg = Release|x64
		{4E179D56-4E1E-46D2-B185-12AE7C99C4DB}.Release|x64.Build.0 = Release|x64
		{4E179D56-4E1E-46D2-B185-12AE7C99C4DB}.Release|x86.ActiveCfg = Release|x86
		{4E179D56-4E1E-46D2-B185-12AE7C99C4DB}.Release|x86.Build.0 = Release|x86
		{B70D493C-1620-4323-827B-D8547CDCDD19}.Debug|Any CPU.ActiveCfg = Debug|Any CPU
		{B70D493C-1620-4323-827B-D8547CDCDD19}.Debug|Any CPU.Build.0 = Debug|Any CPU
		{B70D493C-1620-4323-827B-D8547CDCDD19}.Debug|x64.ActiveCfg = Debug|Any CPU
		{B70D493C-1620-4323-827B-D8547CDCDD19}.Debug|x64.Build.0 = Debug|Any CPU
		{B70D493C-1620-4323-827B-D8547CDCDD19}.Debug|x86.ActiveCfg = Debug|Any CPU
		{B70D493C-1620-4323-827B-D8547CDCDD19}.Debug|x86.Build.0 = Debug|Any CPU
		{B70D493C-1620-4323-827B-D8547CDCDD19}.Release|Any CPU.ActiveCfg = Release|Any CPU
		{B70D493C-1620-4323-827B-D8547CDCDD19}.Release|Any CPU.Build.0 = Release|Any CPU
		{B70D493C-1620-4323-827B-D8547CDCDD19}.Release|x64.ActiveCfg = Release|Any CPU
		{B70D493C-1620-4323-827B-D8547CDCDD19}.Release|x64.Build.0 = Release|Any CPU
		{B70D493C-1620-4323-827B-D8547CDCDD19}.Release|x86.ActiveCfg = Release|Any CPU
		{B70D493C-1620-4323-827B-D8547CDCDD19}.Release|x86.Build.0 = Release|Any CPU
		{C94FEACD-8623-4DAA-BCC2-E5E77C79062B}.Debug|Any CPU.ActiveCfg = Debug|Any CPU
		{C94FEACD-8623-4DAA-BCC2-E5E77C79062B}.Debug|Any CPU.Build.0 = Debug|Any CPU
		{C94FEACD-8623-4DAA-BCC2-E5E77C79062B}.Debug|x64.ActiveCfg = Debug|Any CPU
		{C94FEACD-8623-4DAA-BCC2-E5E77C79062B}.Debug|x64.Build.0 = Debug|Any CPU
		{C94FEACD-8623-4DAA-BCC2-E5E77C79062B}.Debug|x86.ActiveCfg = Debug|Any CPU
		{C94FEACD-8623-4DAA-BCC2-E5E77C79062B}.Debug|x86.Build.0 = Debug|Any CPU
		{C94FEACD-8623-4DAA-BCC2-E5E77C79062B}.Release|Any CPU.ActiveCfg = Release|Any CPU
		{C94FEACD-8623-4DAA-BCC2-E5E77C79062B}.Release|Any CPU.Build.0 = Release|Any CPU
		{C94FEACD-8623-4DAA-BCC2-E5E77C79062B}.Release|x64.ActiveCfg = Release|Any CPU
		{C94FEACD-8623-4DAA-BCC2-E5E77C79062B}.Release|x64.Build.0 = Release|Any CPU
		{C94FEACD-8623-4DAA-BCC2-E5E77C79062B}.Release|x86.ActiveCfg = Release|Any CPU
		{C94FEACD-8623-4DAA-BCC2-E5E77C79062B}.Release|x86.Build.0 = Release|Any CPU
	EndGlobalSection
	GlobalSection(SolutionProperties) = preSolution
		HideSolutionNode = FALSE
	EndGlobalSection
EndGlobal
